github.com/ethereum/go-ethereum v1.13.2 h1:g9mCpfPWqCA1OL4e6C98PeVttb0HadfBRuKTGvMnOvw=
github.com/ethereum/go-ethereum v1.13.2/go.mod h1:gkQ5Ygi64ZBh9M/4iXY1R8WqoNCx1Ey0CkYn2BD4/fw=
github.com/go-stack/stack v1.8.1 h1:ntEHSVwIt7PNXNpgPmVfMrNhLtgjlmnZha2kOpuRiDw=
github.com/go-stack/stack v1.8.1/go.mod h1:dcoOX6HbPZSZptuspn9bctJ+N/CnF5gGygcUP3XYfe4=
github.com/holiman/uint256 v1.2.3 h1:K8UWO1HUJpRMXBxbmaY1Y8IAMZC/RsKB+ArEnnK4l5o=
github.com/holiman/uint256 v1.2.3/go.mod h1:SC8Ryt4n+UBbPbIBKaG9zbbDlp4jOru9xFZmPzLUTxw=
