github.com/holiman/uint256 v1.2.3 h1:K8UWO1HUJpRMXBxbmaY1Y8IAMZC/RsKB+ArEnnK4l5o=
github.com/holiman/uint256 v1.2.3/go.mod h1:SC8Ryt4n+UBbPbIBKaG9zbbDlp4jOru9xFZmPzLUTxw=
github.com/jwasinger/go-ethereum v1.10.9-0.20231024102021-926ea2e9618d h1:lzysLIRrwVcyUbwg7xKM/eA4ba1UfMHOdATUyj0LlmM=
github.com/jwasinger/go-ethereum v1.10.9-0.20231024102021-926ea2e9618d/go.mod h1:I0U5VewuuTzvBtVzKo7b3hJzDhXOUtn9mJW7SsIPB0Q=
golang.org/x/exp v0.0.0-20230905200255-921286631fa9 h1:GoHiUyI/Tp2nVkLI2mCxVkOjsbSXD66ic0XW0js0R9g=
golang.org/x/exp v0.0.0-20230905200255-921286631fa9/go.mod h1:S2oDrQGGwySpoQPVqRShND87VCbxmc6bL1Yd2oYrm6k=
